
Microsoft Visual Studio Solution File, Format Version 12.00
# Visual Studio Version 17
VisualStudioVersion = 17.4.33205.214
MinimumVisualStudioVersion = 10.0.40219.1
Project("{FAE04EC0-301F-11D3-BF4B-00C04F79EFBC}") = "UI", "Meraki\UI.csproj", "{EA4F4F07-F372-4B1E-B3AE-2ABBAA7EBA39}"
EndProject
Project("{FAE04EC0-301F-11D3-BF4B-00C04F79EFBC}") = "BE", "BE\BE.csproj", "{21927B94-ABC5-43EB-9FBE-6746D3FF5A5C}"
EndProject
Project("{FAE04EC0-301F-11D3-BF4B-00C04F79EFBC}") = "BLL", "BLL\BLL.csproj", "{DD5498C4-B175-457C-AC9A-15C43E3F8A8C}"
EndProject
Project("{FAE04EC0-301F-11D3-BF4B-00C04F79EFBC}") = "MPP", "MPP\MPP.csproj", "{75F0E3CC-BEDF-4F9F-9991-CFEAB2A2B908}"
EndProject
Project("{FAE04EC0-301F-11D3-BF4B-00C04F79EFBC}") = "DAL", "DAL\DAL.csproj", "{777D8142-3F6A-416B-93E0-8D0F6D08D947}"
EndProject
Global
	GlobalSection(SolutionConfigurationPlatforms) = preSolution
		Debug|Any CPU = Debug|Any CPU
		Release|Any CPU = Release|Any CPU
	EndGlobalSection
	GlobalSection(ProjectConfigurationPlatforms) = postSolution
		{EA4F4F07-F372-4B1E-B3AE-2ABBAA7EBA39}.Debug|Any CPU.ActiveCfg = Debug|Any CPU
		{EA4F4F07-F372-4B1E-B3AE-2ABBAA7EBA39}.Debug|Any CPU.Build.0 = Debug|Any CPU
		{EA4F4F07-F372-4B1E-B3AE-2ABBAA7EBA39}.Release|Any CPU.ActiveCfg = Release|Any CPU
		{EA4F4F07-F372-4B1E-B3AE-2ABBAA7EBA39}.Release|Any CPU.Build.0 = Release|Any CPU
		{21927B94-ABC5-43EB-9FBE-6746D3FF5A5C}.Debug|Any CPU.ActiveCfg = Debug|Any CPU
		{21927B94-ABC5-43EB-9FBE-6746D3FF5A5C}.Debug|Any CPU.Build.0 = Debug|Any CPU
		{21927B94-ABC5-43EB-9FBE-6746D3FF5A5C}.Release|Any CPU.ActiveCfg = Release|Any CPU
		{21927B94-ABC5-43EB-9FBE-6746D3FF5A5C}.Release|Any CPU.Build.0 = Release|Any CPU
		{DD5498C4-B175-457C-AC9A-15C43E3F8A8C}.Debug|Any CPU.ActiveCfg = Debug|Any CPU
		{DD5498C4-B175-457C-AC9A-15C43E3F8A8C}.Debug|Any CPU.Build.0 = Debug|Any CPU
		{DD5498C4-B175-457C-AC9A-15C43E3F8A8C}.Release|Any CPU.ActiveCfg = Release|Any CPU
		{DD5498C4-B175-457C-AC9A-15C43E3F8A8C}.Release|Any CPU.Build.0 = Release|Any CPU
		{75F0E3CC-BEDF-4F9F-9991-CFEAB2A2B908}.Debug|Any CPU.ActiveCfg = Debug|Any CPU
		{75F0E3CC-BEDF-4F9F-9991-CFEAB2A2B908}.Debug|Any CPU.Build.0 = Debug|Any CPU
		{75F0E3CC-BEDF-4F9F-9991-CFEAB2A2B908}.Release|Any CPU.ActiveCfg = Release|Any CPU
		{75F0E3CC-BEDF-4F9F-9991-CFEAB2A2B908}.Release|Any CPU.Build.0 = Release|Any CPU
		{777D8142-3F6A-416B-93E0-8D0F6D08D947}.Debug|Any CPU.ActiveCfg = Debug|Any CPU
		{777D8142-3F6A-416B-93E0-8D0F6D08D947}.Debug|Any CPU.Build.0 = Debug|Any CPU
		{777D8142-3F6A-416B-93E0-8D0F6D08D947}.Release|Any CPU.ActiveCfg = Release|Any CPU
		{777D8142-3F6A-416B-93E0-8D0F6D08D947}.Release|Any CPU.Build.0 = Release|Any CPU
	EndGlobalSection
	GlobalSection(SolutionProperties) = preSolution
		HideSolutionNode = FALSE
	EndGlobalSection
	GlobalSection(ExtensibilityGlobals) = postSolution
		SolutionGuid = {D7838655-B31C-4F49-8268-680999AF1CE2}
	EndGlobalSection
EndGlobal
